
Microsoft Visual Studio Solution File, Format Version 12.00
# Visual Studio Version 17
VisualStudioVersion = 17.14.36915.13 d17.14
MinimumVisualStudioVersion = 10.0.40219.1
Project("{FAE04EC0-301F-11D3-BF4B-00C04F79EFBC}") = "TestProject1", "TestProject1\TestProject1.csproj", "{2B3E269B-A1EA-49F2-8B5C-614E62EEF731}"
EndProject
Global
	GlobalSection(SolutionConfigurationPlatforms) = preSolution
		Debug|Any CPU = Debug|Any CPU
		Release|Any CPU = Release|Any CPU
	EndGlobalSection
	GlobalSection(ProjectConfigurationPlatforms) = postSolution
		{2B3E269B-A1EA-49F2-8B5C-614E62EEF731}.Debug|Any CPU.ActiveCfg = Debug|Any CPU
		{2B3E269B-A1EA-49F2-8B5C-614E62EEF731}.Debug|Any CPU.Build.0 = Debug|Any CPU
		{2B3E269B-A1EA-49F2-8B5C-614E62EEF731}.Release|Any CPU.ActiveCfg = Release|Any CPU
		{2B3E269B-A1EA-49F2-8B5C-614E62EEF731}.Release|Any CPU.Build.0 = Release|Any CPU
	EndGlobalSection
	GlobalSection(SolutionProperties) = preSolution
		HideSolutionNode = FALSE
	EndGlobalSection
	GlobalSection(ExtensibilityGlobals) = postSolution
		SolutionGuid = {403435DB-6F95-4CD2-9E29-A531990A9712}
	EndGlobalSection
EndGlobal
